# This file is automatically @generated by Poetry and should not be changed by hand.

[[package]]
name = "dumbot"
version = "1.5.5"
description = "dumb async telegram bot for python 3"
category = "main"
optional = false
python-versions = "*"
files = [
    {file = "dumbot-1.5.5.tar.gz", hash = "sha256:a52c679296754c009980f4c06cd3242fe6d7bd81582ad162f8261c6651307ec7"},
]

[[package]]
name = "pytz"
version = "2021.3"
description = "World timezone definitions, modern and historical"
category = "main"
optional = false
python-versions = "*"
files = [
    {file = "pytz-2021.3-py2.py3-none-any.whl", hash = "sha256:3672058bc3453457b622aab7a1c3bfd5ab0bdae451512f6cf25f64ed37f5b87c"},
    {file = "pytz-2021.3.tar.gz", hash = "sha256:acad2d8b20a1af07d4e4c9d2e9285c5ed9104354062f275f3fcd88dcef4f1326"},
]

[metadata]
lock-version = "2.0"
python-versions = "^3.11"
content-hash = "9dbfea4b9499009ef58a46cc09c66dd82562b664795f1ab4d6eb9275c3eda184"
